# THIS IS AN AUTOGENERATED FILE. DO NOT EDIT THIS FILE DIRECTLY.
# yarn lockfile v1


vanilla-modal@^1.6.5:
  version "1.6.5"
  resolved "https://registry.yarnpkg.com/vanilla-modal/-/vanilla-modal-1.6.5.tgz#44958dab9c606170923ec3dd7d22795581a0fdb1"
  integrity sha512-QPCn1MTmtVrqy7KaUFymwReoO4x6gD0V25hq+tC8ASzGXfznLuytY9YnudxjLOBwsccYRh0hjdhtIwBN4iv7ag==
